
Microsoft Visual Studio Solution File, Format Version 12.00
# Visual Studio Version 16
VisualStudioVersion = 16.0.31515.178
MinimumVisualStudioVersion = 10.0.40219.1
Project("{FAE04EC0-301F-11D3-BF4B-00C04F79EFBC}") = "ClockPatience", "ClockPatience\ClockPatience.csproj", "{C94EC5F0-EE83-4A3A-A23E-FED99B4649A6}"
EndProject
Global
	GlobalSection(SolutionConfigurationPlatforms) = preSolution
		Debug|Any CPU = Debug|Any CPU
		Release|Any CPU = Release|Any CPU
	EndGlobalSection
	GlobalSection(ProjectConfigurationPlatforms) = postSolution
		{C94EC5F0-EE83-4A3A-A23E-FED99B4649A6}.Debug|Any CPU.ActiveCfg = Debug|Any CPU
		{C94EC5F0-EE83-4A3A-A23E-FED99B4649A6}.Debug|Any CPU.Build.0 = Debug|Any CPU
		{C94EC5F0-EE83-4A3A-A23E-FED99B4649A6}.Release|Any CPU.ActiveCfg = Release|Any CPU
		{C94EC5F0-EE83-4A3A-A23E-FED99B4649A6}.Release|Any CPU.Build.0 = Release|Any CPU
	EndGlobalSection
	GlobalSection(SolutionProperties) = preSolution
		HideSolutionNode = FALSE
	EndGlobalSection
	GlobalSection(ExtensibilityGlobals) = postSolution
		SolutionGuid = {36D0BFF7-5650-4AB4-ABDB-6F84F9BAC87D}
	EndGlobalSection
EndGlobal
